altgraph==0.17.5
annotated-doc==0.0.4
anyio==4.14.1
certifi==2026.6.17
cffi==2.0.0
click==8.4.2
colorama==0.4.6
filelock==3.29.4
fsspec==2026.6.0
h11==0.16.0
hf-xet==1.5.1
httpcore==1.0.9
httpx==0.28.1
huggingface_hub==1.21.0
idna==3.18
iniconfig==2.3.0
keyboard==0.13.5
markdown-it-py==4.2.0
mdurl==0.1.2
MouseInfo==0.1.3
numpy==2.5.0
packaging==26.2
pefile==2024.8.26
pluggy==1.6.0
PyAutoGUI==0.9.54
pycparser==3.0
PyGetWindow==0.0.9
Pygments==2.20.0
pyinstaller==6.21.0
pyinstaller-hooks-contrib==2026.6
PyMsgBox==2.0.1
pynput==1.8.2
pyperclip==1.11.0
PyRect==0.2.0
PyScreeze==1.0.1
PySide6==6.11.1
PySide6_Addons==6.11.1
PySide6_Essentials==6.11.1
pytest==9.1.1
pytweening==1.2.0
pywin32-ctypes==0.2.3
PyYAML==6.0.3
rich==15.0.0
sherpa-onnx-core==1.13.3
sherpa_onnx==1.13.3
shiboken6==6.11.1
shellingham==1.5.4
six==1.17.0
sounddevice==0.5.5
soundfile==0.14.0
tqdm==4.68.3
typer==0.25.1
typing_extensions==4.15.0
